
Microsoft Visual Studio Solution File, Format Version 12.00
# Visual Studio Version 16
VisualStudioVersion = 16.0.31624.102
MinimumVisualStudioVersion = 10.0.40219.1
Project("{FAE04EC0-301F-11D3-BF4B-00C04F79EFBC}") = "capstone_test1", "capstone_test1\capstone_test1.csproj", "{70E2E64A-FEF9-4129-90C1-545A4703ABFF}"
EndProject
Global
	GlobalSection(SolutionConfigurationPlatforms) = preSolution
		Debug|Any CPU = Debug|Any CPU
		Release|Any CPU = Release|Any CPU
	EndGlobalSection
	GlobalSection(ProjectConfigurationPlatforms) = postSolution
		{70E2E64A-FEF9-4129-90C1-545A4703ABFF}.Debug|Any CPU.ActiveCfg = Debug|Any CPU
		{70E2E64A-FEF9-4129-90C1-545A4703ABFF}.Debug|Any CPU.Build.0 = Debug|Any CPU
		{70E2E64A-FEF9-4129-90C1-545A4703ABFF}.Release|Any CPU.ActiveCfg = Release|Any CPU
		{70E2E64A-FEF9-4129-90C1-545A4703ABFF}.Release|Any CPU.Build.0 = Release|Any CPU
	EndGlobalSection
	GlobalSection(SolutionProperties) = preSolution
		HideSolutionNode = FALSE
	EndGlobalSection
	GlobalSection(ExtensibilityGlobals) = postSolution
		SolutionGuid = {0759FE3E-DB06-47E2-8633-7BB584060826}
	EndGlobalSection
EndGlobal
